
Microsoft Visual Studio Solution File, Format Version 12.00
# Visual Studio Version 17
VisualStudioVersion = 17.11.35222.181
MinimumVisualStudioVersion = 10.0.40219.1
Project("{FAE04EC0-301F-11D3-BF4B-00C04F79EFBC}") = "AdoNetDisConnectionMimari1", "AdoNetDisConnectionMimari1.csproj", "{1554CD39-364F-4764-A9F7-988900937804}"
EndProject
Global
	GlobalSection(SolutionConfigurationPlatforms) = preSolution
		Debug|Any CPU = Debug|Any CPU
		Release|Any CPU = Release|Any CPU
	EndGlobalSection
	GlobalSection(ProjectConfigurationPlatforms) = postSolution
		{1554CD39-364F-4764-A9F7-988900937804}.Debug|Any CPU.ActiveCfg = Debug|Any CPU
		{1554CD39-364F-4764-A9F7-988900937804}.Debug|Any CPU.Build.0 = Debug|Any CPU
		{1554CD39-364F-4764-A9F7-988900937804}.Release|Any CPU.ActiveCfg = Release|Any CPU
		{1554CD39-364F-4764-A9F7-988900937804}.Release|Any CPU.Build.0 = Release|Any CPU
	EndGlobalSection
	GlobalSection(SolutionProperties) = preSolution
		HideSolutionNode = FALSE
	EndGlobalSection
	GlobalSection(ExtensibilityGlobals) = postSolution
		SolutionGuid = {3F1BED90-3AD4-4E66-B86A-737E0A2E5322}
	EndGlobalSection
EndGlobal
